github.com/aperturerobotics/protobuf-go v1.33.1-0.20240411062030-e36f75e0a3b8 h1:Juij9Gj5jVOJjqiu3EGHWnX9nH6fkBeGGu/3U8i5qss=
github.com/aperturerobotics/protobuf-go v1.33.1-0.20240411062030-e36f75e0a3b8/go.mod h1:c6P6GXX6sHbq/GpV6MGZEdwhWPcYBgnhAHhKbcUYpos=
github.com/aperturerobotics/protobuf-go-lite v0.2.3 h1:mSaflt8MZEbwuMiKPGuIobYGqWxp4LzXm/a3d+/+YEI=
github.com/aperturerobotics/protobuf-go-lite v0.2.3/go.mod h1:uGsGl8o72hBjkAqBVz2kepXKeA7BZDiqCZPyHjw2yws=
github.com/google/go-cmp v0.6.0 h1:ofyhxvXcZhMsU5ulbFiLKl/XBFqE1GSq7atu8tAmTRI=
github.com/google/go-cmp v0.6.0/go.mod h1:17dUlkBOakJ0+DkrSSNjCkIjxS6bF9zb3elmeNGIjoY=
